
Microsoft Visual Studio Solution File, Format Version 12.00
# Visual Studio Version 16
VisualStudioVersion = 16.0.31105.61
MinimumVisualStudioVersion = 10.0.40219.1
Project("{888888A0-9F3D-457C-B088-3A5042F75D52}") = "lab013", "lab013\lab013.pyproj", "{1DF207A2-F511-4218-BB7C-59AABC3BC81B}"
EndProject
Global
	GlobalSection(SolutionConfigurationPlatforms) = preSolution
		Debug|Any CPU = Debug|Any CPU
		Release|Any CPU = Release|Any CPU
	EndGlobalSection
	GlobalSection(ProjectConfigurationPlatforms) = postSolution
		{1DF207A2-F511-4218-BB7C-59AABC3BC81B}.Debug|Any CPU.ActiveCfg = Debug|Any CPU
		{1DF207A2-F511-4218-BB7C-59AABC3BC81B}.Debug|Any CPU.Build.0 = Debug|Any CPU
		{1DF207A2-F511-4218-BB7C-59AABC3BC81B}.Release|Any CPU.ActiveCfg = Release|Any CPU
		{1DF207A2-F511-4218-BB7C-59AABC3BC81B}.Release|Any CPU.Build.0 = Release|Any CPU
	EndGlobalSection
	GlobalSection(SolutionProperties) = preSolution
		HideSolutionNode = FALSE
	EndGlobalSection
	GlobalSection(ExtensibilityGlobals) = postSolution
		SolutionGuid = {C319945E-3FB0-493E-B776-E8D4DEC36031}
	EndGlobalSection
EndGlobal
